// !$*UTF8*$!
{
	archiveVersion = 1;
	classes = {
	};
	objectVersion = 50;
	objects = {

/* Begin PBXBuildFile section */
		180DC61523C78D9800486B1A /* LaunchScreen.storyboard in Resources */ = {isa = PBXBuildFile; fileRef = 180DC61423C78D9800486B1A /* LaunchScreen.storyboard */; };
		185CB1FC23C78CE6009F7571 /* AppDelegate.swift in Sources */ = {isa = PBXBuildFile; fileRef = 185CB1FB23C78CE6009F7571 /* AppDelegate.swift */; };
		185CB1FE23C78CE6009F7571 /* SceneDelegate.swift in Sources */ = {isa = PBXBuildFile; fileRef = 185CB1FD23C78CE6009F7571 /* SceneDelegate.swift */; };
		185CB20323C78CE6009F7571 /* Main.storyboard in Resources */ = {isa = PBXBuildFile; fileRef = 185CB20123C78CE6009F7571 /* Main.storyboard */; };
		185CB20523C78CE8009F7571 /* Assets.xcassets in Resources */ = {isa = PBXBuildFile; fileRef = 185CB20423C78CE8009F7571 /* Assets.xcassets */; };
		AD3779E32472B4FF0039D45B /* GameViewController.swift in Sources */ = {isa = PBXBuildFile; fileRef = AD3779E22472B4FF0039D45B /* GameViewController.swift */; };
		AD377A292472DC560039D45B /* GameEngine.swift in Sources */ = {isa = PBXBuildFile; fileRef = AD377A282472DC560039D45B /* GameEngine.swift */; };
		AD377A2B2472DC840039D45B /* Game.swift in Sources */ = {isa = PBXBuildFile; fileRef = AD377A2A2472DC840039D45B /* Game.swift */; };
		AD377A332472FDCC0039D45B /* RaySaysTests.swift in Sources */ = {isa = PBXBuildFile; fileRef = AD377A322472FDCC0039D45B /* RaySaysTests.swift */; };
		AD377A3B24752A660039D45B /* MessageView.swift in Sources */ = {isa = PBXBuildFile; fileRef = AD377A3A24752A660039D45B /* MessageView.swift */; };
		AD377A3D24757D840039D45B /* LoseViewController.swift in Sources */ = {isa = PBXBuildFile; fileRef = AD377A3C24757D840039D45B /* LoseViewController.swift */; };
		AD377A3F247583C30039D45B /* WinViewController.swift in Sources */ = {isa = PBXBuildFile; fileRef = AD377A3E247583C30039D45B /* WinViewController.swift */; };
		ADC38FBF24767EA400901EBC /* GameButton.swift in Sources */ = {isa = PBXBuildFile; fileRef = ADC38FBE24767EA400901EBC /* GameButton.swift */; };
		ADC4B1A424866E8B0096D131 /* RootViewController.swift in Sources */ = {isa = PBXBuildFile; fileRef = ADC4B1A324866E8B0096D131 /* RootViewController.swift */; };
		ADC4B1A624866F550096D131 /* Difficulty.swift in Sources */ = {isa = PBXBuildFile; fileRef = ADC4B1A524866F550096D131 /* Difficulty.swift */; };
		ADC4B1A82487E3DA0096D131 /* CoreGraphics+Help.swift in Sources */ = {isa = PBXBuildFile; fileRef = ADC4B1A72487E3DA0096D131 /* CoreGraphics+Help.swift */; };
		ADC4B1AC2487F6FE0096D131 /* SVGtoBezierPath.swift in Sources */ = {isa = PBXBuildFile; fileRef = ADC4B1AB2487F6FE0096D131 /* SVGtoBezierPath.swift */; };
		ADC4B1AE2487F7890096D131 /* AppShapeStrings.swift in Sources */ = {isa = PBXBuildFile; fileRef = ADC4B1AD2487F7890096D131 /* AppShapeStrings.swift */; };
		ADC4B1B8248B9D220096D131 /* GameFont.swift in Sources */ = {isa = PBXBuildFile; fileRef = ADC4B1B7248B9D220096D131 /* GameFont.swift */; };
		ADF2755E24786A3B00CA8E33 /* RaySaysHostViewController.swift in Sources */ = {isa = PBXBuildFile; fileRef = ADF2755D24786A3B00CA8E33 /* RaySaysHostViewController.swift */; };
		ADF2756024786AA400CA8E33 /* UIView+AutolayoutHelp.swift in Sources */ = {isa = PBXBuildFile; fileRef = ADF2755F24786AA400CA8E33 /* UIView+AutolayoutHelp.swift */; };
		ADF275622479343800CA8E33 /* WinView.swift in Sources */ = {isa = PBXBuildFile; fileRef = ADF275612479343800CA8E33 /* WinView.swift */; };
		ADF275642479346E00CA8E33 /* LoseView.swift in Sources */ = {isa = PBXBuildFile; fileRef = ADF275632479346E00CA8E33 /* LoseView.swift */; };
		ADF275662479390600CA8E33 /* SpeechBubble.swift in Sources */ = {isa = PBXBuildFile; fileRef = ADF275652479390600CA8E33 /* SpeechBubble.swift */; };
		ADF630C92477DFE60078E021 /* UIView+MathHelp.swift in Sources */ = {isa = PBXBuildFile; fileRef = ADF630C82477DFE60078E021 /* UIView+MathHelp.swift */; };
		ADF630CE2477E7B60078E021 /* GameView.swift in Sources */ = {isa = PBXBuildFile; fileRef = ADF630CD2477E7B60078E021 /* GameView.swift */; };
		ADF630F22477F9980078E021 /* GameButtonSUI.swift in Sources */ = {isa = PBXBuildFile; fileRef = ADF630F12477F9980078E021 /* GameButtonSUI.swift */; };
		ADF630F32478160E0078E021 /* GameKeyboard.swift in Sources */ = {isa = PBXBuildFile; fileRef = ADF630CF2477E7C70078E021 /* GameKeyboard.swift */; };
/* End PBXBuildFile section */

/* Begin PBXContainerItemProxy section */
		AD377A352472FDCC0039D45B /* PBXContainerItemProxy */ = {
			isa = PBXContainerItemProxy;
			containerPortal = 185CB1F023C78CE6009F7571 /* Project object */;
			proxyType = 1;
			remoteGlobalIDString = 185CB1F723C78CE6009F7571;
			remoteInfo = RaySays;
		};
/* End PBXContainerItemProxy section */

/* Begin PBXFileReference section */
		180DC61423C78D9800486B1A /* LaunchScreen.storyboard */ = {isa = PBXFileReference; fileEncoding = 4; lastKnownFileType = file.storyboard; path = LaunchScreen.storyboard; sourceTree = "<group>"; };
		185CB1F823C78CE6009F7571 /* RaySays.app */ = {isa = PBXFileReference; explicitFileType = wrapper.application; includeInIndex = 0; path = RaySays.app; sourceTree = BUILT_PRODUCTS_DIR; };
		185CB1FB23C78CE6009F7571 /* AppDelegate.swift */ = {isa = PBXFileReference; lastKnownFileType = sourcecode.swift; path = AppDelegate.swift; sourceTree = "<group>"; };
		185CB1FD23C78CE6009F7571 /* SceneDelegate.swift */ = {isa = PBXFileReference; lastKnownFileType = sourcecode.swift; path = SceneDelegate.swift; sourceTree = "<group>"; };
		185CB20223C78CE6009F7571 /* Base */ = {isa = PBXFileReference; lastKnownFileType = file.storyboard; name = Base; path = Base.lproj/Main.storyboard; sourceTree = "<group>"; };
		185CB20423C78CE8009F7571 /* Assets.xcassets */ = {isa = PBXFileReference; lastKnownFileType = folder.assetcatalog; path = Assets.xcassets; sourceTree = "<group>"; };
		185CB20923C78CE8009F7571 /* Info.plist */ = {isa = PBXFileReference; lastKnownFileType = text.plist.xml; path = Info.plist; sourceTree = "<group>"; };
		AD3779E02472B4010039D45B /* RaySays.entitlements */ = {isa = PBXFileReference; lastKnownFileType = text.plist.entitlements; path = RaySays.entitlements; sourceTree = "<group>"; };
		AD3779E22472B4FF0039D45B /* GameViewController.swift */ = {isa = PBXFileReference; lastKnownFileType = sourcecode.swift; path = GameViewController.swift; sourceTree = "<group>"; };
		AD377A282472DC560039D45B /* GameEngine.swift */ = {isa = PBXFileReference; lastKnownFileType = sourcecode.swift; path = GameEngine.swift; sourceTree = "<group>"; };
		AD377A2A2472DC840039D45B /* Game.swift */ = {isa = PBXFileReference; lastKnownFileType = sourcecode.swift; path = Game.swift; sourceTree = "<group>"; };
		AD377A302472FDCC0039D45B /* RaySaysTests.xctest */ = {isa = PBXFileReference; explicitFileType = wrapper.cfbundle; includeInIndex = 0; path = RaySaysTests.xctest; sourceTree = BUILT_PRODUCTS_DIR; };
		AD377A322472FDCC0039D45B /* RaySaysTests.swift */ = {isa = PBXFileReference; lastKnownFileType = sourcecode.swift; path = RaySaysTests.swift; sourceTree = "<group>"; };
		AD377A342472FDCC0039D45B /* Info.plist */ = {isa = PBXFileReference; lastKnownFileType = text.plist.xml; path = Info.plist; sourceTree = "<group>"; };
		AD377A3A24752A660039D45B /* MessageView.swift */ = {isa = PBXFileReference; lastKnownFileType = sourcecode.swift; path = MessageView.swift; sourceTree = "<group>"; };
		AD377A3C24757D840039D45B /* LoseViewController.swift */ = {isa = PBXFileReference; lastKnownFileType = sourcecode.swift; path = LoseViewController.swift; sourceTree = "<group>"; };
		AD377A3E247583C30039D45B /* WinViewController.swift */ = {isa = PBXFileReference; lastKnownFileType = sourcecode.swift; path = WinViewController.swift; sourceTree = "<group>"; };
		ADC38FBE24767EA400901EBC /* GameButton.swift */ = {isa = PBXFileReference; lastKnownFileType = sourcecode.swift; path = GameButton.swift; sourceTree = "<group>"; };
		ADC4B1A324866E8B0096D131 /* RootViewController.swift */ = {isa = PBXFileReference; lastKnownFileType = sourcecode.swift; path = RootViewController.swift; sourceTree = "<group>"; };
		ADC4B1A524866F550096D131 /* Difficulty.swift */ = {isa = PBXFileReference; lastKnownFileType = sourcecode.swift; path = Difficulty.swift; sourceTree = "<group>"; };
		ADC4B1A72487E3DA0096D131 /* CoreGraphics+Help.swift */ = {isa = PBXFileReference; lastKnownFileType = sourcecode.swift; path = "CoreGraphics+Help.swift"; sourceTree = "<group>"; };
		ADC4B1AB2487F6FE0096D131 /* SVGtoBezierPath.swift */ = {isa = PBXFileReference; fileEncoding = 4; lastKnownFileType = sourcecode.swift; path = SVGtoBezierPath.swift; sourceTree = "<group>"; };
		ADC4B1AD2487F7890096D131 /* AppShapeStrings.swift */ = {isa = PBXFileReference; lastKnownFileType = sourcecode.swift; path = AppShapeStrings.swift; sourceTree = "<group>"; };
		ADC4B1B7248B9D220096D131 /* GameFont.swift */ = {isa = PBXFileReference; lastKnownFileType = sourcecode.swift; path = GameFont.swift; sourceTree = "<group>"; };
		ADF2755D24786A3B00CA8E33 /* RaySaysHostViewController.swift */ = {isa = PBXFileReference; lastKnownFileType = sourcecode.swift; path = RaySaysHostViewController.swift; sourceTree = "<group>"; };
		ADF2755F24786AA400CA8E33 /* UIView+AutolayoutHelp.swift */ = {isa = PBXFileReference; fileEncoding = 4; lastKnownFileType = sourcecode.swift; path = "UIView+AutolayoutHelp.swift"; sourceTree = "<group>"; };
		ADF275612479343800CA8E33 /* WinView.swift */ = {isa = PBXFileReference; lastKnownFileType = sourcecode.swift; path = WinView.swift; sourceTree = "<group>"; };
		ADF275632479346E00CA8E33 /* LoseView.swift */ = {isa = PBXFileReference; lastKnownFileType = sourcecode.swift; path = LoseView.swift; sourceTree = "<group>"; };
		ADF275652479390600CA8E33 /* SpeechBubble.swift */ = {isa = PBXFileReference; lastKnownFileType = sourcecode.swift; path = SpeechBubble.swift; sourceTree = "<group>"; };
		ADF630C82477DFE60078E021 /* UIView+MathHelp.swift */ = {isa = PBXFileReference; fileEncoding = 4; lastKnownFileType = sourcecode.swift; path = "UIView+MathHelp.swift"; sourceTree = "<group>"; };
		ADF630CD2477E7B60078E021 /* GameView.swift */ = {isa = PBXFileReference; lastKnownFileType = sourcecode.swift; path = GameView.swift; sourceTree = "<group>"; };
		ADF630CF2477E7C70078E021 /* GameKeyboard.swift */ = {isa = PBXFileReference; lastKnownFileType = sourcecode.swift; path = GameKeyboard.swift; sourceTree = "<group>"; };
		ADF630F12477F9980078E021 /* GameButtonSUI.swift */ = {isa = PBXFileReference; lastKnownFileType = sourcecode.swift; path = GameButtonSUI.swift; sourceTree = "<group>"; };
/* End PBXFileReference section */

/* Begin PBXFrameworksBuildPhase section */
		185CB1F523C78CE6009F7571 /* Frameworks */ = {
			isa = PBXFrameworksBuildPhase;
			buildActionMask = 2147483647;
			files = (
			);
			runOnlyForDeploymentPostprocessing = 0;
		};
		AD377A2D2472FDCC0039D45B /* Frameworks */ = {
			isa = PBXFrameworksBuildPhase;
			buildActionMask = 2147483647;
			files = (
			);
			runOnlyForDeploymentPostprocessing = 0;
		};
/* End PBXFrameworksBuildPhase section */

/* Begin PBXGroup section */
		185CB1EF23C78CE6009F7571 = {
			isa = PBXGroup;
			children = (
				185CB1F923C78CE6009F7571 /* Products */,
				185CB1FA23C78CE6009F7571 /* RaySays */,
				AD377A312472FDCC0039D45B /* RaySaysTests */,
			);
			indentWidth = 2;
			sourceTree = "<group>";
			tabWidth = 2;
		};
		185CB1F923C78CE6009F7571 /* Products */ = {
			isa = PBXGroup;
			children = (
				185CB1F823C78CE6009F7571 /* RaySays.app */,
				AD377A302472FDCC0039D45B /* RaySaysTests.xctest */,
			);
			name = Products;
			sourceTree = "<group>";
		};
		185CB1FA23C78CE6009F7571 /* RaySays */ = {
			isa = PBXGroup;
			children = (
				AD3779E02472B4010039D45B /* RaySays.entitlements */,
				185CB20923C78CE8009F7571 /* Info.plist */,
				185CB20423C78CE8009F7571 /* Assets.xcassets */,
				ADF630CB2477E7340078E021 /* Game Logic */,
				ADF630C72477DFD80078E021 /* Help */,
				ADF630CC2477E77B0078E021 /* Infrastructure */,
				ADF630CA2477E7090078E021 /* SwiftUI Views */,
				AD3779E12472B4D70039D45B /* UIKit View Controllers */,
			);
			path = RaySays;
			sourceTree = "<group>";
		};
		AD3779E12472B4D70039D45B /* UIKit View Controllers */ = {
			isa = PBXGroup;
			children = (
				ADC38FBE24767EA400901EBC /* GameButton.swift */,
				AD3779E22472B4FF0039D45B /* GameViewController.swift */,
				AD377A3C24757D840039D45B /* LoseViewController.swift */,
				AD377A3A24752A660039D45B /* MessageView.swift */,
				ADC4B1A324866E8B0096D131 /* RootViewController.swift */,
				AD377A3E247583C30039D45B /* WinViewController.swift */,
				185CB20123C78CE6009F7571 /* Main.storyboard */,
				ADC4B1AD2487F7890096D131 /* AppShapeStrings.swift */,
			);
			path = "UIKit View Controllers";
			sourceTree = "<group>";
		};
		AD377A312472FDCC0039D45B /* RaySaysTests */ = {
			isa = PBXGroup;
			children = (
				AD377A322472FDCC0039D45B /* RaySaysTests.swift */,
				AD377A342472FDCC0039D45B /* Info.plist */,
			);
			path = RaySaysTests;
			sourceTree = "<group>";
		};
		ADF630C72477DFD80078E021 /* Help */ = {
			isa = PBXGroup;
			children = (
				ADF2755F24786AA400CA8E33 /* UIView+AutolayoutHelp.swift */,
				ADF630C82477DFE60078E021 /* UIView+MathHelp.swift */,
				ADC4B1A72487E3DA0096D131 /* CoreGraphics+Help.swift */,
				ADC4B1AB2487F6FE0096D131 /* SVGtoBezierPath.swift */,
			);
			path = Help;
			sourceTree = "<group>";
		};
		ADF630CA2477E7090078E021 /* SwiftUI Views */ = {
			isa = PBXGroup;
			children = (
				ADF630F12477F9980078E021 /* GameButtonSUI.swift */,
				ADF630CF2477E7C70078E021 /* GameKeyboard.swift */,
				ADF630CD2477E7B60078E021 /* GameView.swift */,
				ADF275632479346E00CA8E33 /* LoseView.swift */,
				ADF2755D24786A3B00CA8E33 /* RaySaysHostViewController.swift */,
				ADF275652479390600CA8E33 /* SpeechBubble.swift */,
				ADF275612479343800CA8E33 /* WinView.swift */,
				ADC4B1B7248B9D220096D131 /* GameFont.swift */,
			);
			path = "SwiftUI Views";
			sourceTree = "<group>";
		};
		ADF630CB2477E7340078E021 /* Game Logic */ = {
			isa = PBXGroup;
			children = (
				ADC4B1A524866F550096D131 /* Difficulty.swift */,
				AD377A2A2472DC840039D45B /* Game.swift */,
				AD377A282472DC560039D45B /* GameEngine.swift */,
			);
			path = "Game Logic";
			sourceTree = "<group>";
		};
		ADF630CC2477E77B0078E021 /* Infrastructure */ = {
			isa = PBXGroup;
			children = (
				180DC61423C78D9800486B1A /* LaunchScreen.storyboard */,
				185CB1FB23C78CE6009F7571 /* AppDelegate.swift */,
				185CB1FD23C78CE6009F7571 /* SceneDelegate.swift */,
			);
			path = Infrastructure;
			sourceTree = "<group>";
		};
/* End PBXGroup section */

/* Begin PBXNativeTarget section */
		185CB1F723C78CE6009F7571 /* RaySays */ = {
			isa = PBXNativeTarget;
			buildConfigurationList = 185CB20C23C78CE8009F7571 /* Build configuration list for PBXNativeTarget "RaySays" */;
			buildPhases = (
				ADCCDF872490F730007CD29B /* SwiftLint */,
				185CB1F423C78CE6009F7571 /* Sources */,
				185CB1F523C78CE6009F7571 /* Frameworks */,
				185CB1F623C78CE6009F7571 /* Resources */,
			);
			buildRules = (
			);
			dependencies = (
			);
			name = RaySays;
			productName = MyRWTutorial;
			productReference = 185CB1F823C78CE6009F7571 /* RaySays.app */;
			productType = "com.apple.product-type.application";
		};
		AD377A2F2472FDCC0039D45B /* RaySaysTests */ = {
			isa = PBXNativeTarget;
			buildConfigurationList = AD377A372472FDCC0039D45B /* Build configuration list for PBXNativeTarget "RaySaysTests" */;
			buildPhases = (
				AD377A2C2472FDCC0039D45B /* Sources */,
				AD377A2D2472FDCC0039D45B /* Frameworks */,
				AD377A2E2472FDCC0039D45B /* Resources */,
			);
			buildRules = (
			);
			dependencies = (
				AD377A362472FDCC0039D45B /* PBXTargetDependency */,
			);
			name = RaySaysTests;
			productName = RaySaysTests;
			productReference = AD377A302472FDCC0039D45B /* RaySaysTests.xctest */;
			productType = "com.apple.product-type.bundle.unit-test";
		};
/* End PBXNativeTarget section */

/* Begin PBXProject section */
		185CB1F023C78CE6009F7571 /* Project object */ = {
			isa = PBXProject;
			attributes = {
				LastSwiftUpdateCheck = 1140;
				LastUpgradeCheck = 1130;
				ORGANIZATIONNAME = "Ray Wenderlich";
				TargetAttributes = {
					185CB1F723C78CE6009F7571 = {
						CreatedOnToolsVersion = 11.3;
					};
					AD377A2F2472FDCC0039D45B = {
						CreatedOnToolsVersion = 11.4.1;
						TestTargetID = 185CB1F723C78CE6009F7571;
					};
				};
			};
			buildConfigurationList = 185CB1F323C78CE6009F7571 /* Build configuration list for PBXProject "RaySays" */;
			compatibilityVersion = "Xcode 9.3";
			developmentRegion = en;
			hasScannedForEncodings = 0;
			knownRegions = (
				en,
				Base,
			);
			mainGroup = 185CB1EF23C78CE6009F7571;
			productRefGroup = 185CB1F923C78CE6009F7571 /* Products */;
			projectDirPath = "";
			projectRoot = "";
			targets = (
				185CB1F723C78CE6009F7571 /* RaySays */,
				AD377A2F2472FDCC0039D45B /* RaySaysTests */,
			);
		};
/* End PBXProject section */

/* Begin PBXResourcesBuildPhase section */
		185CB1F623C78CE6009F7571 /* Resources */ = {
			isa = PBXResourcesBuildPhase;
			buildActionMask = 2147483647;
			files = (
				180DC61523C78D9800486B1A /* LaunchScreen.storyboard in Resources */,
				185CB20523C78CE8009F7571 /* Assets.xcassets in Resources */,
				185CB20323C78CE6009F7571 /* Main.storyboard in Resources */,
			);
			runOnlyForDeploymentPostprocessing = 0;
		};
		AD377A2E2472FDCC0039D45B /* Resources */ = {
			isa = PBXResourcesBuildPhase;
			buildActionMask = 2147483647;
			files = (
			);
			runOnlyForDeploymentPostprocessing = 0;
		};
/* End PBXResourcesBuildPhase section */

/* Begin PBXShellScriptBuildPhase section */
		ADCCDF872490F730007CD29B /* SwiftLint */ = {
			isa = PBXShellScriptBuildPhase;
			buildActionMask = 2147483647;
			files = (
			);
			inputFileListPaths = (
			);
			inputPaths = (
			);
			name = SwiftLint;
			outputFileListPaths = (
			);
			outputPaths = (
			);
			runOnlyForDeploymentPostprocessing = 0;
			shellPath = /bin/sh;
			shellScript = "if [ -f ~/com.raywenderlich.swiftlint.yml ]; then\n  if which swiftlint >/dev/null; then\n    swiftlint --config ~/com.raywenderlich.swiftlint.yml\n  fi\nfi\n";
		};
/* End PBXShellScriptBuildPhase section */

/* Begin PBXSourcesBuildPhase section */
		185CB1F423C78CE6009F7571 /* Sources */ = {
			isa = PBXSourcesBuildPhase;
			buildActionMask = 2147483647;
			files = (
				AD377A3B24752A660039D45B /* MessageView.swift in Sources */,
				ADC4B1AC2487F6FE0096D131 /* SVGtoBezierPath.swift in Sources */,
				ADC4B1A624866F550096D131 /* Difficulty.swift in Sources */,
				185CB1FC23C78CE6009F7571 /* AppDelegate.swift in Sources */,
				ADC4B1A82487E3DA0096D131 /* CoreGraphics+Help.swift in Sources */,
				ADF630C92477DFE60078E021 /* UIView+MathHelp.swift in Sources */,
				AD377A2B2472DC840039D45B /* Game.swift in Sources */,
				AD377A3D24757D840039D45B /* LoseViewController.swift in Sources */,
				AD3779E32472B4FF0039D45B /* GameViewController.swift in Sources */,
				185CB1FE23C78CE6009F7571 /* SceneDelegate.swift in Sources */,
				ADF275662479390600CA8E33 /* SpeechBubble.swift in Sources */,
				ADF630F32478160E0078E021 /* GameKeyboard.swift in Sources */,
				ADC4B1A424866E8B0096D131 /* RootViewController.swift in Sources */,
				ADF630F22477F9980078E021 /* GameButtonSUI.swift in Sources */,
				ADF2756024786AA400CA8E33 /* UIView+AutolayoutHelp.swift in Sources */,
				AD377A292472DC560039D45B /* GameEngine.swift in Sources */,
				ADF2755E24786A3B00CA8E33 /* RaySaysHostViewController.swift in Sources */,
				ADC38FBF24767EA400901EBC /* GameButton.swift in Sources */,
				ADF630CE2477E7B60078E021 /* GameView.swift in Sources */,
				ADC4B1AE2487F7890096D131 /* AppShapeStrings.swift in Sources */,
				ADF275622479343800CA8E33 /* WinView.swift in Sources */,
				AD377A3F247583C30039D45B /* WinViewController.swift in Sources */,
				ADF275642479346E00CA8E33 /* LoseView.swift in Sources */,
				ADC4B1B8248B9D220096D131 /* GameFont.swift in Sources */,
			);
			runOnlyForDeploymentPostprocessing = 0;
		};
		AD377A2C2472FDCC0039D45B /* Sources */ = {
			isa = PBXSourcesBuildPhase;
			buildActionMask = 2147483647;
			files = (
				AD377A332472FDCC0039D45B /* RaySaysTests.swift in Sources */,
			);
			runOnlyForDeploymentPostprocessing = 0;
		};
/* End PBXSourcesBuildPhase section */

/* Begin PBXTargetDependency section */
		AD377A362472FDCC0039D45B /* PBXTargetDependency */ = {
			isa = PBXTargetDependency;
			target = 185CB1F723C78CE6009F7571 /* RaySays */;
			targetProxy = AD377A352472FDCC0039D45B /* PBXContainerItemProxy */;
		};
/* End PBXTargetDependency section */

/* Begin PBXVariantGroup section */
		185CB20123C78CE6009F7571 /* Main.storyboard */ = {
			isa = PBXVariantGroup;
			children = (
				185CB20223C78CE6009F7571 /* Base */,
			);
			name = Main.storyboard;
			sourceTree = "<group>";
		};
/* End PBXVariantGroup section */

/* Begin XCBuildConfiguration section */
		185CB20A23C78CE8009F7571 /* Debug */ = {
			isa = XCBuildConfiguration;
			buildSettings = {
				ALWAYS_SEARCH_USER_PATHS = NO;
				CLANG_ANALYZER_NONNULL = YES;
				CLANG_ANALYZER_NUMBER_OBJECT_CONVERSION = YES_AGGRESSIVE;
				CLANG_CXX_LANGUAGE_STANDARD = "gnu++14";
				CLANG_CXX_LIBRARY = "libc++";
				CLANG_ENABLE_MODULES = YES;
				CLANG_ENABLE_OBJC_ARC = YES;
				CLANG_ENABLE_OBJC_WEAK = YES;
				CLANG_WARN_BLOCK_CAPTURE_AUTORELEASING = YES;
				CLANG_WARN_BOOL_CONVERSION = YES;
				CLANG_WARN_COMMA = YES;
				CLANG_WARN_CONSTANT_CONVERSION = YES;
				CLANG_WARN_DEPRECATED_OBJC_IMPLEMENTATIONS = YES;
				CLANG_WARN_DIRECT_OBJC_ISA_USAGE = YES_ERROR;
				CLANG_WARN_DOCUMENTATION_COMMENTS = YES;
				CLANG_WARN_EMPTY_BODY = YES;
				CLANG_WARN_ENUM_CONVERSION = YES;
				CLANG_WARN_INFINITE_RECURSION = YES;
				CLANG_WARN_INT_CONVERSION = YES;
				CLANG_WARN_NON_LITERAL_NULL_CONVERSION = YES;
				CLANG_WARN_OBJC_IMPLICIT_RETAIN_SELF = YES;
				CLANG_WARN_OBJC_LITERAL_CONVERSION = YES;
				CLANG_WARN_OBJC_ROOT_CLASS = YES_ERROR;
				CLANG_WARN_RANGE_LOOP_ANALYSIS = YES;
				CLANG_WARN_STRICT_PROTOTYPES = YES;
				CLANG_WARN_SUSPICIOUS_MOVE = YES;
				CLANG_WARN_UNGUARDED_AVAILABILITY = YES_AGGRESSIVE;
				CLANG_WARN_UNREACHABLE_CODE = YES;
				CLANG_WARN__DUPLICATE_METHOD_MATCH = YES;
				COPY_PHASE_STRIP = NO;
				DEBUG_INFORMATION_FORMAT = dwarf;
				ENABLE_STRICT_OBJC_MSGSEND = YES;
				ENABLE_TESTABILITY = YES;
				GCC_C_LANGUAGE_STANDARD = gnu11;
				GCC_DYNAMIC_NO_PIC = NO;
				GCC_NO_COMMON_BLOCKS = YES;
				GCC_OPTIMIZATION_LEVEL = 0;
				GCC_PREPROCESSOR_DEFINITIONS = (
					"DEBUG=1",
					"$(inherited)",
				);
				GCC_WARN_64_TO_32_BIT_CONVERSION = YES;
				GCC_WARN_ABOUT_RETURN_TYPE = YES_ERROR;
				GCC_WARN_UNDECLARED_SELECTOR = YES;
				GCC_WARN_UNINITIALIZED_AUTOS = YES_AGGRESSIVE;
				GCC_WARN_UNUSED_FUNCTION = YES;
				GCC_WARN_UNUSED_VARIABLE = YES;
				IPHONEOS_DEPLOYMENT_TARGET = 13.2;
				MTL_ENABLE_DEBUG_INFO = INCLUDE_SOURCE;
				MTL_FAST_MATH = YES;
				ONLY_ACTIVE_ARCH = YES;
				SDKROOT = iphoneos;
				SWIFT_ACTIVE_COMPILATION_CONDITIONS = DEBUG;
				SWIFT_OPTIMIZATION_LEVEL = "-Onone";
			};
			name = Debug;
		};
		185CB20B23C78CE8009F7571 /* Release */ = {
			isa = XCBuildConfiguration;
			buildSettings = {
				ALWAYS_SEARCH_USER_PATHS = NO;
				CLANG_ANALYZER_NONNULL = YES;
				CLANG_ANALYZER_NUMBER_OBJECT_CONVERSION = YES_AGGRESSIVE;
				CLANG_CXX_LANGUAGE_STANDARD = "gnu++14";
				CLANG_CXX_LIBRARY = "libc++";
				CLANG_ENABLE_MODULES = YES;
				CLANG_ENABLE_OBJC_ARC = YES;
				CLANG_ENABLE_OBJC_WEAK = YES;
				CLANG_WARN_BLOCK_CAPTURE_AUTORELEASING = YES;
				CLANG_WARN_BOOL_CONVERSION = YES;
				CLANG_WARN_COMMA = YES;
				CLANG_WARN_CONSTANT_CONVERSION = YES;
				CLANG_WARN_DEPRECATED_OBJC_IMPLEMENTATIONS = YES;
				CLANG_WARN_DIRECT_OBJC_ISA_USAGE = YES_ERROR;
				CLANG_WARN_DOCUMENTATION_COMMENTS = YES;
				CLANG_WARN_EMPTY_BODY = YES;
				CLANG_WARN_ENUM_CONVERSION = YES;
				CLANG_WARN_INFINITE_RECURSION = YES;
				CLANG_WARN_INT_CONVERSION = YES;
				CLANG_WARN_NON_LITERAL_NULL_CONVERSION = YES;
				CLANG_WARN_OBJC_IMPLICIT_RETAIN_SELF = YES;
				CLANG_WARN_OBJC_LITERAL_CONVERSION = YES;
				CLANG_WARN_OBJC_ROOT_CLASS = YES_ERROR;
				CLANG_WARN_RANGE_LOOP_ANALYSIS = YES;
				CLANG_WARN_STRICT_PROTOTYPES = YES;
				CLANG_WARN_SUSPICIOUS_MOVE = YES;
				CLANG_WARN_UNGUARDED_AVAILABILITY = YES_AGGRESSIVE;
				CLANG_WARN_UNREACHABLE_CODE = YES;
				CLANG_WARN__DUPLICATE_METHOD_MATCH = YES;
				COPY_PHASE_STRIP = NO;
				DEBUG_INFORMATION_FORMAT = "dwarf-with-dsym";
				ENABLE_NS_ASSERTIONS = NO;
				ENABLE_STRICT_OBJC_MSGSEND = YES;
				GCC_C_LANGUAGE_STANDARD = gnu11;
				GCC_NO_COMMON_BLOCKS = YES;
				GCC_WARN_64_TO_32_BIT_CONVERSION = YES;
				GCC_WARN_ABOUT_RETURN_TYPE = YES_ERROR;
				GCC_WARN_UNDECLARED_SELECTOR = YES;
				GCC_WARN_UNINITIALIZED_AUTOS = YES_AGGRESSIVE;
				GCC_WARN_UNUSED_FUNCTION = YES;
				GCC_WARN_UNUSED_VARIABLE = YES;
				IPHONEOS_DEPLOYMENT_TARGET = 13.2;
				MTL_ENABLE_DEBUG_INFO = NO;
				MTL_FAST_MATH = YES;
				SDKROOT = iphoneos;
				SWIFT_COMPILATION_MODE = wholemodule;
				SWIFT_OPTIMIZATION_LEVEL = "-O";
				VALIDATE_PRODUCT = YES;
			};
			name = Release;
		};
		185CB20D23C78CE8009F7571 /* Debug */ = {
			isa = XCBuildConfiguration;
			buildSettings = {
				ASSETCATALOG_COMPILER_APPICON_NAME = AppIcon;
				CODE_SIGN_ENTITLEMENTS = RaySays/RaySays.entitlements;
				"CODE_SIGN_IDENTITY[sdk=macosx*]" = "-";
				CODE_SIGN_STYLE = Automatic;
				DEVELOPMENT_TEAM = "";
				INFOPLIST_FILE = "$(SRCROOT)/RaySays/Info.plist";
				IPHONEOS_DEPLOYMENT_TARGET = 13.4;
				LD_RUNPATH_SEARCH_PATHS = (
					"$(inherited)",
					"@executable_path/Frameworks",
				);
				PRODUCT_BUNDLE_IDENTIFIER = com.raywenderlich.RaySays2020;
				PRODUCT_NAME = "$(TARGET_NAME)";
				SUPPORTS_MACCATALYST = YES;
				SWIFT_VERSION = 5.0;
				TARGETED_DEVICE_FAMILY = "1,2";
			};
			name = Debug;
		};
		185CB20E23C78CE8009F7571 /* Release */ = {
			isa = XCBuildConfiguration;
			buildSettings = {
				ASSETCATALOG_COMPILER_APPICON_NAME = AppIcon;
				CODE_SIGN_ENTITLEMENTS = RaySays/RaySays.entitlements;
				"CODE_SIGN_IDENTITY[sdk=macosx*]" = "-";
				CODE_SIGN_STYLE = Automatic;
				DEVELOPMENT_TEAM = "";
				INFOPLIST_FILE = "$(SRCROOT)/RaySays/Info.plist";
				IPHONEOS_DEPLOYMENT_TARGET = 13.4;
				LD_RUNPATH_SEARCH_PATHS = (
					"$(inherited)",
					"@executable_path/Frameworks",
				);
				PRODUCT_BUNDLE_IDENTIFIER = com.raywenderlich.RaySays2020;
				PRODUCT_NAME = "$(TARGET_NAME)";
				SUPPORTS_MACCATALYST = YES;
				SWIFT_VERSION = 5.0;
				TARGETED_DEVICE_FAMILY = "1,2";
			};
			name = Release;
		};
		AD377A382472FDCC0039D45B /* Debug */ = {
			isa = XCBuildConfiguration;
			buildSettings = {
				BUNDLE_LOADER = "$(TEST_HOST)";
				"CODE_SIGN_IDENTITY[sdk=macosx*]" = "-";
				CODE_SIGN_STYLE = Automatic;
				DEVELOPMENT_TEAM = "";
				INFOPLIST_FILE = RaySaysTests/Info.plist;
				IPHONEOS_DEPLOYMENT_TARGET = 13.4;
				LD_RUNPATH_SEARCH_PATHS = (
					"$(inherited)",
					"@executable_path/Frameworks",
					"@loader_path/Frameworks",
				);
				PRODUCT_BUNDLE_IDENTIFIER = com.raywenderlich.RaySaysTests;
				PRODUCT_NAME = "$(TARGET_NAME)";
				SWIFT_VERSION = 5.0;
				TARGETED_DEVICE_FAMILY = "1,2";
				TEST_HOST = "$(BUILT_PRODUCTS_DIR)/RaySays.app/RaySays";
			};
			name = Debug;
		};
		AD377A392472FDCC0039D45B /* Release */ = {
			isa = XCBuildConfiguration;
			buildSettings = {
				BUNDLE_LOADER = "$(TEST_HOST)";
				"CODE_SIGN_IDENTITY[sdk=macosx*]" = "-";
				CODE_SIGN_STYLE = Automatic;
				DEVELOPMENT_TEAM = "";
				INFOPLIST_FILE = RaySaysTests/Info.plist;
				IPHONEOS_DEPLOYMENT_TARGET = 13.4;
				LD_RUNPATH_SEARCH_PATHS = (
					"$(inherited)",
					"@executable_path/Frameworks",
					"@loader_path/Frameworks",
				);
				PRODUCT_BUNDLE_IDENTIFIER = com.raywenderlich.RaySaysTests;
				PRODUCT_NAME = "$(TARGET_NAME)";
				SWIFT_VERSION = 5.0;
				TARGETED_DEVICE_FAMILY = "1,2";
				TEST_HOST = "$(BUILT_PRODUCTS_DIR)/RaySays.app/RaySays";
			};
			name = Release;
		};
/* End XCBuildConfiguration section */

/* Begin XCConfigurationList section */
		185CB1F323C78CE6009F7571 /* Build configuration list for PBXProject "RaySays" */ = {
			isa = XCConfigurationList;
			buildConfigurations = (
				185CB20A23C78CE8009F7571 /* Debug */,
				185CB20B23C78CE8009F7571 /* Release */,
			);
			defaultConfigurationIsVisible = 0;
			defaultConfigurationName = Release;
		};
		185CB20C23C78CE8009F7571 /* Build configuration list for PBXNativeTarget "RaySays" */ = {
			isa = XCConfigurationList;
			buildConfigurations = (
				185CB20D23C78CE8009F7571 /* Debug */,
				185CB20E23C78CE8009F7571 /* Release */,
			);
			defaultConfigurationIsVisible = 0;
			defaultConfigurationName = Release;
		};
		AD377A372472FDCC0039D45B /* Build configuration list for PBXNativeTarget "RaySaysTests" */ = {
			isa = XCConfigurationList;
			buildConfigurations = (
				AD377A382472FDCC0039D45B /* Debug */,
				AD377A392472FDCC0039D45B /* Release */,
			);
			defaultConfigurationIsVisible = 0;
			defaultConfigurationName = Release;
		};
/* End XCConfigurationList section */
	};
	rootObject = 185CB1F023C78CE6009F7571 /* Project object */;
}
