// !$*UTF8*$!
{
	archiveVersion = 1;
	classes = {
	};
	objectVersion = 50;
	objects = {

/* Begin PBXBuildFile section */
		0A06CF0C25ECC6D9002FE3DD /* KeyboardFollower.swift in Sources */ = {isa = PBXBuildFile; fileRef = 0A06CF0B25ECC6D9002FE3DD /* KeyboardFollower.swift */; };
		0A06CF0F25ECC6ED002FE3DD /* Color+Extensions.swift in Sources */ = {isa = PBXBuildFile; fileRef = 0A06CF0E25ECC6ED002FE3DD /* Color+Extensions.swift */; };
		0AEAC26A245BF9760009F857 /* AppDelegate.swift in Sources */ = {isa = PBXBuildFile; fileRef = 0AEAC269245BF9760009F857 /* AppDelegate.swift */; };
		0AEAC26C245BF9760009F857 /* SceneDelegate.swift in Sources */ = {isa = PBXBuildFile; fileRef = 0AEAC26B245BF9760009F857 /* SceneDelegate.swift */; };
		0AEAC26E245BF9760009F857 /* ContentView.swift in Sources */ = {isa = PBXBuildFile; fileRef = 0AEAC26D245BF9760009F857 /* ContentView.swift */; };
		0AEAC270245BF9790009F857 /* Assets.xcassets in Resources */ = {isa = PBXBuildFile; fileRef = 0AEAC26F245BF9790009F857 /* Assets.xcassets */; };
		0AEAC273245BF9790009F857 /* Preview Assets.xcassets in Resources */ = {isa = PBXBuildFile; fileRef = 0AEAC272245BF9790009F857 /* Preview Assets.xcassets */; };
		0AEAC276245BF9790009F857 /* LaunchScreen.storyboard in Resources */ = {isa = PBXBuildFile; fileRef = 0AEAC274245BF9790009F857 /* LaunchScreen.storyboard */; };
/* End PBXBuildFile section */

/* Begin PBXFileReference section */
		0A06CF0B25ECC6D9002FE3DD /* KeyboardFollower.swift */ = {isa = PBXFileReference; fileEncoding = 4; lastKnownFileType = sourcecode.swift; name = KeyboardFollower.swift; path = "../../../02/keyboard final/emitronette/KeyboardFollower.swift"; sourceTree = "<group>"; };
		0A06CF0E25ECC6ED002FE3DD /* Color+Extensions.swift */ = {isa = PBXFileReference; fileEncoding = 4; lastKnownFileType = sourcecode.swift; path = "Color+Extensions.swift"; sourceTree = "<group>"; };
		0AEAC266245BF9760009F857 /* emitronette.app */ = {isa = PBXFileReference; explicitFileType = wrapper.application; includeInIndex = 0; path = emitronette.app; sourceTree = BUILT_PRODUCTS_DIR; };
		0AEAC269245BF9760009F857 /* AppDelegate.swift */ = {isa = PBXFileReference; lastKnownFileType = sourcecode.swift; path = AppDelegate.swift; sourceTree = "<group>"; };
		0AEAC26B245BF9760009F857 /* SceneDelegate.swift */ = {isa = PBXFileReference; lastKnownFileType = sourcecode.swift; path = SceneDelegate.swift; sourceTree = "<group>"; };
		0AEAC26D245BF9760009F857 /* ContentView.swift */ = {isa = PBXFileReference; lastKnownFileType = sourcecode.swift; path = ContentView.swift; sourceTree = "<group>"; };
		0AEAC26F245BF9790009F857 /* Assets.xcassets */ = {isa = PBXFileReference; lastKnownFileType = folder.assetcatalog; path = Assets.xcassets; sourceTree = "<group>"; };
		0AEAC272245BF9790009F857 /* Preview Assets.xcassets */ = {isa = PBXFileReference; lastKnownFileType = folder.assetcatalog; path = "Preview Assets.xcassets"; sourceTree = "<group>"; };
		0AEAC275245BF9790009F857 /* Base */ = {isa = PBXFileReference; lastKnownFileType = file.storyboard; name = Base; path = Base.lproj/LaunchScreen.storyboard; sourceTree = "<group>"; };
		0AEAC277245BF9790009F857 /* Info.plist */ = {isa = PBXFileReference; lastKnownFileType = text.plist.xml; path = Info.plist; sourceTree = "<group>"; };
/* End PBXFileReference section */

/* Begin PBXFrameworksBuildPhase section */
		0AEAC263245BF9760009F857 /* Frameworks */ = {
			isa = PBXFrameworksBuildPhase;
			buildActionMask = 2147483647;
			files = (
			);
			runOnlyForDeploymentPostprocessing = 0;
		};
/* End PBXFrameworksBuildPhase section */

/* Begin PBXGroup section */
		0AEAC25D245BF9760009F857 = {
			isa = PBXGroup;
			children = (
				0AEAC268245BF9760009F857 /* emitronette */,
				0AEAC267245BF9760009F857 /* Products */,
			);
			sourceTree = "<group>";
		};
		0AEAC267245BF9760009F857 /* Products */ = {
			isa = PBXGroup;
			children = (
				0AEAC266245BF9760009F857 /* emitronette.app */,
			);
			name = Products;
			sourceTree = "<group>";
		};
		0AEAC268245BF9760009F857 /* emitronette */ = {
			isa = PBXGroup;
			children = (
				0AEAC269245BF9760009F857 /* AppDelegate.swift */,
				0AEAC26B245BF9760009F857 /* SceneDelegate.swift */,
				0AEAC26D245BF9760009F857 /* ContentView.swift */,
				0A06CF0B25ECC6D9002FE3DD /* KeyboardFollower.swift */,
				0AEAC293245BFEA10009F857 /* Extensions */,
				0AEAC26F245BF9790009F857 /* Assets.xcassets */,
				0AEAC274245BF9790009F857 /* LaunchScreen.storyboard */,
				0AEAC277245BF9790009F857 /* Info.plist */,
				0AEAC271245BF9790009F857 /* Preview Content */,
			);
			path = emitronette;
			sourceTree = "<group>";
		};
		0AEAC271245BF9790009F857 /* Preview Content */ = {
			isa = PBXGroup;
			children = (
				0AEAC272245BF9790009F857 /* Preview Assets.xcassets */,
			);
			path = "Preview Content";
			sourceTree = "<group>";
		};
		0AEAC293245BFEA10009F857 /* Extensions */ = {
			isa = PBXGroup;
			children = (
				0A06CF0E25ECC6ED002FE3DD /* Color+Extensions.swift */,
			);
			path = Extensions;
			sourceTree = "<group>";
		};
/* End PBXGroup section */

/* Begin PBXNativeTarget section */
		0AEAC265245BF9760009F857 /* emitronette */ = {
			isa = PBXNativeTarget;
			buildConfigurationList = 0AEAC27A245BF9790009F857 /* Build configuration list for PBXNativeTarget "emitronette" */;
			buildPhases = (
				0AEAC262245BF9760009F857 /* Sources */,
				0AEAC263245BF9760009F857 /* Frameworks */,
				0AEAC264245BF9760009F857 /* Resources */,
			);
			buildRules = (
			);
			dependencies = (
			);
			name = emitronette;
			productName = "emoti-tron";
			productReference = 0AEAC266245BF9760009F857 /* emitronette.app */;
			productType = "com.apple.product-type.application";
		};
/* End PBXNativeTarget section */

/* Begin PBXProject section */
		0AEAC25E245BF9760009F857 /* Project object */ = {
			isa = PBXProject;
			attributes = {
				LastSwiftUpdateCheck = 1140;
				LastUpgradeCheck = 1140;
				ORGANIZATIONNAME = "Ray Wenderlich";
				TargetAttributes = {
					0AEAC265245BF9760009F857 = {
						CreatedOnToolsVersion = 11.4.1;
					};
				};
			};
			buildConfigurationList = 0AEAC261245BF9760009F857 /* Build configuration list for PBXProject "emitronette" */;
			compatibilityVersion = "Xcode 9.3";
			developmentRegion = en;
			hasScannedForEncodings = 0;
			knownRegions = (
				en,
				Base,
			);
			mainGroup = 0AEAC25D245BF9760009F857;
			productRefGroup = 0AEAC267245BF9760009F857 /* Products */;
			projectDirPath = "";
			projectRoot = "";
			targets = (
				0AEAC265245BF9760009F857 /* emitronette */,
			);
		};
/* End PBXProject section */

/* Begin PBXResourcesBuildPhase section */
		0AEAC264245BF9760009F857 /* Resources */ = {
			isa = PBXResourcesBuildPhase;
			buildActionMask = 2147483647;
			files = (
				0AEAC276245BF9790009F857 /* LaunchScreen.storyboard in Resources */,
				0AEAC273245BF9790009F857 /* Preview Assets.xcassets in Resources */,
				0AEAC270245BF9790009F857 /* Assets.xcassets in Resources */,
			);
			runOnlyForDeploymentPostprocessing = 0;
		};
/* End PBXResourcesBuildPhase section */

/* Begin PBXSourcesBuildPhase section */
		0AEAC262245BF9760009F857 /* Sources */ = {
			isa = PBXSourcesBuildPhase;
			buildActionMask = 2147483647;
			files = (
				0AEAC26A245BF9760009F857 /* AppDelegate.swift in Sources */,
				0A06CF0C25ECC6D9002FE3DD /* KeyboardFollower.swift in Sources */,
				0A06CF0F25ECC6ED002FE3DD /* Color+Extensions.swift in Sources */,
				0AEAC26C245BF9760009F857 /* SceneDelegate.swift in Sources */,
				0AEAC26E245BF9760009F857 /* ContentView.swift in Sources */,
			);
			runOnlyForDeploymentPostprocessing = 0;
		};
/* End PBXSourcesBuildPhase section */

/* Begin PBXVariantGroup section */
		0AEAC274245BF9790009F857 /* LaunchScreen.storyboard */ = {
			isa = PBXVariantGroup;
			children = (
				0AEAC275245BF9790009F857 /* Base */,
			);
			name = LaunchScreen.storyboard;
			sourceTree = "<group>";
		};
/* End PBXVariantGroup section */

/* Begin XCBuildConfiguration section */
		0AEAC278245BF9790009F857 /* Debug */ = {
			isa = XCBuildConfiguration;
			buildSettings = {
				ALWAYS_SEARCH_USER_PATHS = NO;
				CLANG_ANALYZER_NONNULL = YES;
				CLANG_ANALYZER_NUMBER_OBJECT_CONVERSION = YES_AGGRESSIVE;
				CLANG_CXX_LANGUAGE_STANDARD = "gnu++14";
				CLANG_CXX_LIBRARY = "libc++";
				CLANG_ENABLE_MODULES = YES;
				CLANG_ENABLE_OBJC_ARC = YES;
				CLANG_ENABLE_OBJC_WEAK = YES;
				CLANG_WARN_BLOCK_CAPTURE_AUTORELEASING = YES;
				CLANG_WARN_BOOL_CONVERSION = YES;
				CLANG_WARN_COMMA = YES;
				CLANG_WARN_CONSTANT_CONVERSION = YES;
				CLANG_WARN_DEPRECATED_OBJC_IMPLEMENTATIONS = YES;
				CLANG_WARN_DIRECT_OBJC_ISA_USAGE = YES_ERROR;
				CLANG_WARN_DOCUMENTATION_COMMENTS = YES;
				CLANG_WARN_EMPTY_BODY = YES;
				CLANG_WARN_ENUM_CONVERSION = YES;
				CLANG_WARN_INFINITE_RECURSION = YES;
				CLANG_WARN_INT_CONVERSION = YES;
				CLANG_WARN_NON_LITERAL_NULL_CONVERSION = YES;
				CLANG_WARN_OBJC_IMPLICIT_RETAIN_SELF = YES;
				CLANG_WARN_OBJC_LITERAL_CONVERSION = YES;
				CLANG_WARN_OBJC_ROOT_CLASS = YES_ERROR;
				CLANG_WARN_RANGE_LOOP_ANALYSIS = YES;
				CLANG_WARN_STRICT_PROTOTYPES = YES;
				CLANG_WARN_SUSPICIOUS_MOVE = YES;
				CLANG_WARN_UNGUARDED_AVAILABILITY = YES_AGGRESSIVE;
				CLANG_WARN_UNREACHABLE_CODE = YES;
				CLANG_WARN__DUPLICATE_METHOD_MATCH = YES;
				COPY_PHASE_STRIP = NO;
				DEBUG_INFORMATION_FORMAT = dwarf;
				ENABLE_STRICT_OBJC_MSGSEND = YES;
				ENABLE_TESTABILITY = YES;
				GCC_C_LANGUAGE_STANDARD = gnu11;
				GCC_DYNAMIC_NO_PIC = NO;
				GCC_NO_COMMON_BLOCKS = YES;
				GCC_OPTIMIZATION_LEVEL = 0;
				GCC_PREPROCESSOR_DEFINITIONS = (
					"DEBUG=1",
					"$(inherited)",
				);
				GCC_WARN_64_TO_32_BIT_CONVERSION = YES;
				GCC_WARN_ABOUT_RETURN_TYPE = YES_ERROR;
				GCC_WARN_UNDECLARED_SELECTOR = YES;
				GCC_WARN_UNINITIALIZED_AUTOS = YES_AGGRESSIVE;
				GCC_WARN_UNUSED_FUNCTION = YES;
				GCC_WARN_UNUSED_VARIABLE = YES;
				IPHONEOS_DEPLOYMENT_TARGET = 13.5;
				MTL_ENABLE_DEBUG_INFO = INCLUDE_SOURCE;
				MTL_FAST_MATH = YES;
				ONLY_ACTIVE_ARCH = YES;
				SDKROOT = iphoneos;
				SWIFT_ACTIVE_COMPILATION_CONDITIONS = DEBUG;
				SWIFT_OPTIMIZATION_LEVEL = "-Onone";
			};
			name = Debug;
		};
		0AEAC279245BF9790009F857 /* Release */ = {
			isa = XCBuildConfiguration;
			buildSettings = {
				ALWAYS_SEARCH_USER_PATHS = NO;
				CLANG_ANALYZER_NONNULL = YES;
				CLANG_ANALYZER_NUMBER_OBJECT_CONVERSION = YES_AGGRESSIVE;
				CLANG_CXX_LANGUAGE_STANDARD = "gnu++14";
				CLANG_CXX_LIBRARY = "libc++";
				CLANG_ENABLE_MODULES = YES;
				CLANG_ENABLE_OBJC_ARC = YES;
				CLANG_ENABLE_OBJC_WEAK = YES;
				CLANG_WARN_BLOCK_CAPTURE_AUTORELEASING = YES;
				CLANG_WARN_BOOL_CONVERSION = YES;
				CLANG_WARN_COMMA = YES;
				CLANG_WARN_CONSTANT_CONVERSION = YES;
				CLANG_WARN_DEPRECATED_OBJC_IMPLEMENTATIONS = YES;
				CLANG_WARN_DIRECT_OBJC_ISA_USAGE = YES_ERROR;
				CLANG_WARN_DOCUMENTATION_COMMENTS = YES;
				CLANG_WARN_EMPTY_BODY = YES;
				CLANG_WARN_ENUM_CONVERSION = YES;
				CLANG_WARN_INFINITE_RECURSION = YES;
				CLANG_WARN_INT_CONVERSION = YES;
				CLANG_WARN_NON_LITERAL_NULL_CONVERSION = YES;
				CLANG_WARN_OBJC_IMPLICIT_RETAIN_SELF = YES;
				CLANG_WARN_OBJC_LITERAL_CONVERSION = YES;
				CLANG_WARN_OBJC_ROOT_CLASS = YES_ERROR;
				CLANG_WARN_RANGE_LOOP_ANALYSIS = YES;
				CLANG_WARN_STRICT_PROTOTYPES = YES;
				CLANG_WARN_SUSPICIOUS_MOVE = YES;
				CLANG_WARN_UNGUARDED_AVAILABILITY = YES_AGGRESSIVE;
				CLANG_WARN_UNREACHABLE_CODE = YES;
				CLANG_WARN__DUPLICATE_METHOD_MATCH = YES;
				COPY_PHASE_STRIP = NO;
				DEBUG_INFORMATION_FORMAT = "dwarf-with-dsym";
				ENABLE_NS_ASSERTIONS = NO;
				ENABLE_STRICT_OBJC_MSGSEND = YES;
				GCC_C_LANGUAGE_STANDARD = gnu11;
				GCC_NO_COMMON_BLOCKS = YES;
				GCC_WARN_64_TO_32_BIT_CONVERSION = YES;
				GCC_WARN_ABOUT_RETURN_TYPE = YES_ERROR;
				GCC_WARN_UNDECLARED_SELECTOR = YES;
				GCC_WARN_UNINITIALIZED_AUTOS = YES_AGGRESSIVE;
				GCC_WARN_UNUSED_FUNCTION = YES;
				GCC_WARN_UNUSED_VARIABLE = YES;
				IPHONEOS_DEPLOYMENT_TARGET = 13.5;
				MTL_ENABLE_DEBUG_INFO = NO;
				MTL_FAST_MATH = YES;
				SDKROOT = iphoneos;
				SWIFT_COMPILATION_MODE = wholemodule;
				SWIFT_OPTIMIZATION_LEVEL = "-O";
				VALIDATE_PRODUCT = YES;
			};
			name = Release;
		};
		0AEAC27B245BF9790009F857 /* Debug */ = {
			isa = XCBuildConfiguration;
			buildSettings = {
				ASSETCATALOG_COMPILER_APPICON_NAME = AppIcon;
				CODE_SIGN_STYLE = Automatic;
				DEVELOPMENT_ASSET_PATHS = "\"emitronette/Preview Content\"";
				ENABLE_PREVIEWS = YES;
				INFOPLIST_FILE = "$(SRCROOT)/emitronette/Info.plist";
				IPHONEOS_DEPLOYMENT_TARGET = 13.5;
				LD_RUNPATH_SEARCH_PATHS = (
					"$(inherited)",
					"@executable_path/Frameworks",
				);
				PRODUCT_BUNDLE_IDENTIFIER = com.raywenderlich.emitronette;
				PRODUCT_NAME = emitronette;
				SWIFT_VERSION = 5.0;
				TARGETED_DEVICE_FAMILY = "1,2";
			};
			name = Debug;
		};
		0AEAC27C245BF9790009F857 /* Release */ = {
			isa = XCBuildConfiguration;
			buildSettings = {
				ASSETCATALOG_COMPILER_APPICON_NAME = AppIcon;
				CODE_SIGN_STYLE = Automatic;
				DEVELOPMENT_ASSET_PATHS = "\"emitronette/Preview Content\"";
				ENABLE_PREVIEWS = YES;
				INFOPLIST_FILE = "$(SRCROOT)/emitronette/Info.plist";
				IPHONEOS_DEPLOYMENT_TARGET = 13.5;
				LD_RUNPATH_SEARCH_PATHS = (
					"$(inherited)",
					"@executable_path/Frameworks",
				);
				PRODUCT_BUNDLE_IDENTIFIER = com.raywenderlich.emitronette;
				PRODUCT_NAME = emitronette;
				SWIFT_VERSION = 5.0;
				TARGETED_DEVICE_FAMILY = "1,2";
			};
			name = Release;
		};
/* End XCBuildConfiguration section */

/* Begin XCConfigurationList section */
		0AEAC261245BF9760009F857 /* Build configuration list for PBXProject "emitronette" */ = {
			isa = XCConfigurationList;
			buildConfigurations = (
				0AEAC278245BF9790009F857 /* Debug */,
				0AEAC279245BF9790009F857 /* Release */,
			);
			defaultConfigurationIsVisible = 0;
			defaultConfigurationName = Release;
		};
		0AEAC27A245BF9790009F857 /* Build configuration list for PBXNativeTarget "emitronette" */ = {
			isa = XCConfigurationList;
			buildConfigurations = (
				0AEAC27B245BF9790009F857 /* Debug */,
				0AEAC27C245BF9790009F857 /* Release */,
			);
			defaultConfigurationIsVisible = 0;
			defaultConfigurationName = Release;
		};
/* End XCConfigurationList section */
	};
	rootObject = 0AEAC25E245BF9760009F857 /* Project object */;
}
